// !$*UTF8*$!
{
	archiveVersion = 1;
	classes = {
	};
	objectVersion = 46;
	objects = {

/* Begin PBXBuildFile section */
		2807097A171522E800259B3A /* UIKit.framework in Frameworks */ = {isa = PBXBuildFile; fileRef = 28070979171522E800259B3A /* UIKit.framework */; };
		2807097C171522E800259B3A /* Foundation.framework in Frameworks */ = {isa = PBXBuildFile; fileRef = 2807097B171522E800259B3A /* Foundation.framework */; };
		2807097E171522E800259B3A /* CoreGraphics.framework in Frameworks */ = {isa = PBXBuildFile; fileRef = 2807097D171522E800259B3A /* CoreGraphics.framework */; };
		BF700DBF193144BB0066DDED /* APLAppDelegate.m in Sources */ = {isa = PBXBuildFile; fileRef = BF700DAD193144BB0066DDED /* APLAppDelegate.m */; };
		BF700DC0193144BB0066DDED /* APLDetailViewController.m in Sources */ = {isa = PBXBuildFile; fileRef = BF700DAF193144BB0066DDED /* APLDetailViewController.m */; };
		BF700DC1193144BB0066DDED /* APLProduct.m in Sources */ = {isa = PBXBuildFile; fileRef = BF700DB1193144BB0066DDED /* APLProduct.m */; };
		BF700DC2193144BB0066DDED /* APLViewController.m in Sources */ = {isa = PBXBuildFile; fileRef = BF700DB3193144BB0066DDED /* APLViewController.m */; };
		BF700DD5193146280066DDED /* Default-568h@2x.png in Resources */ = {isa = PBXBuildFile; fileRef = BF700DCA193146280066DDED /* Default-568h@2x.png */; };
		BF700DD6193146280066DDED /* Default.png in Resources */ = {isa = PBXBuildFile; fileRef = BF700DCB193146280066DDED /* Default.png */; };
		BF700DD7193146280066DDED /* Default@2x.png in Resources */ = {isa = PBXBuildFile; fileRef = BF700DCC193146280066DDED /* Default@2x.png */; };
		BF700DD8193146280066DDED /* InfoPlist.strings in Resources */ = {isa = PBXBuildFile; fileRef = BF700DCE193146280066DDED /* InfoPlist.strings */; };
		BF700DD9193146280066DDED /* MainStoryboard.storyboard in Resources */ = {isa = PBXBuildFile; fileRef = BF700DD0193146280066DDED /* MainStoryboard.storyboard */; };
		BF700DDA193146280066DDED /* main.m in Sources */ = {isa = PBXBuildFile; fileRef = BF700DD2193146280066DDED /* main.m */; };
		BF700DDB193146280066DDED /* StaterFinder-Info.plist in Resources */ = {isa = PBXBuildFile; fileRef = BF700DD3193146280066DDED /* StaterFinder-Info.plist */; };
/* End PBXBuildFile section */

/* Begin PBXFileReference section */
		28070976171522E800259B3A /* StaterFinder.app */ = {isa = PBXFileReference; explicitFileType = wrapper.application; includeInIndex = 0; path = StaterFinder.app; sourceTree = BUILT_PRODUCTS_DIR; };
		28070979171522E800259B3A /* UIKit.framework */ = {isa = PBXFileReference; lastKnownFileType = wrapper.framework; name = UIKit.framework; path = System/Library/Frameworks/UIKit.framework; sourceTree = SDKROOT; };
		2807097B171522E800259B3A /* Foundation.framework */ = {isa = PBXFileReference; lastKnownFileType = wrapper.framework; name = Foundation.framework; path = System/Library/Frameworks/Foundation.framework; sourceTree = SDKROOT; };
		2807097D171522E800259B3A /* CoreGraphics.framework */ = {isa = PBXFileReference; lastKnownFileType = wrapper.framework; name = CoreGraphics.framework; path = System/Library/Frameworks/CoreGraphics.framework; sourceTree = SDKROOT; };
		2870CD0B17152842002C9048 /* ReadMe.txt */ = {isa = PBXFileReference; lastKnownFileType = text; path = ReadMe.txt; sourceTree = SOURCE_ROOT; };
		BF700DAC193144BB0066DDED /* APLAppDelegate.h */ = {isa = PBXFileReference; fileEncoding = 4; lastKnownFileType = sourcecode.c.h; name = APLAppDelegate.h; path = StaterFinder/APLAppDelegate.h; sourceTree = SOURCE_ROOT; };
		BF700DAD193144BB0066DDED /* APLAppDelegate.m */ = {isa = PBXFileReference; fileEncoding = 4; lastKnownFileType = sourcecode.c.objc; name = APLAppDelegate.m; path = StaterFinder/APLAppDelegate.m; sourceTree = SOURCE_ROOT; };
		BF700DAE193144BB0066DDED /* APLDetailViewController.h */ = {isa = PBXFileReference; fileEncoding = 4; lastKnownFileType = sourcecode.c.h; name = APLDetailViewController.h; path = StaterFinder/APLDetailViewController.h; sourceTree = SOURCE_ROOT; };
		BF700DAF193144BB0066DDED /* APLDetailViewController.m */ = {isa = PBXFileReference; fileEncoding = 4; lastKnownFileType = sourcecode.c.objc; name = APLDetailViewController.m; path = StaterFinder/APLDetailViewController.m; sourceTree = SOURCE_ROOT; };
		BF700DB0193144BB0066DDED /* APLProduct.h */ = {isa = PBXFileReference; fileEncoding = 4; lastKnownFileType = sourcecode.c.h; name = APLProduct.h; path = StaterFinder/APLProduct.h; sourceTree = SOURCE_ROOT; };
		BF700DB1193144BB0066DDED /* APLProduct.m */ = {isa = PBXFileReference; fileEncoding = 4; lastKnownFileType = sourcecode.c.objc; name = APLProduct.m; path = StaterFinder/APLProduct.m; sourceTree = SOURCE_ROOT; };
		BF700DB2193144BB0066DDED /* APLViewController.h */ = {isa = PBXFileReference; fileEncoding = 4; lastKnownFileType = sourcecode.c.h; name = APLViewController.h; path = StaterFinder/APLViewController.h; sourceTree = SOURCE_ROOT; };
		BF700DB3193144BB0066DDED /* APLViewController.m */ = {isa = PBXFileReference; fileEncoding = 4; lastKnownFileType = sourcecode.c.objc; name = APLViewController.m; path = StaterFinder/APLViewController.m; sourceTree = SOURCE_ROOT; };
		BF700DCA193146280066DDED /* Default-568h@2x.png */ = {isa = PBXFileReference; lastKnownFileType = image.png; name = "Default-568h@2x.png"; path = "StaterFinder/Default-568h@2x.png"; sourceTree = SOURCE_ROOT; };
		BF700DCB193146280066DDED /* Default.png */ = {isa = PBXFileReference; lastKnownFileType = image.png; name = Default.png; path = StaterFinder/Default.png; sourceTree = SOURCE_ROOT; };
		BF700DCC193146280066DDED /* Default@2x.png */ = {isa = PBXFileReference; lastKnownFileType = image.png; name = "Default@2x.png"; path = "StaterFinder/Default@2x.png"; sourceTree = SOURCE_ROOT; };
		BF700DCF193146280066DDED /* en */ = {isa = PBXFileReference; lastKnownFileType = text.plist.strings; name = en; path = InfoPlist.strings; sourceTree = "<group>"; };
		BF700DD1193146280066DDED /* en */ = {isa = PBXFileReference; lastKnownFileType = file.storyboard; name = en; path = MainStoryboard.storyboard; sourceTree = "<group>"; };
		BF700DD2193146280066DDED /* main.m */ = {isa = PBXFileReference; fileEncoding = 4; lastKnownFileType = sourcecode.c.objc; name = main.m; path = StaterFinder/main.m; sourceTree = SOURCE_ROOT; };
		BF700DD3193146280066DDED /* StaterFinder-Info.plist */ = {isa = PBXFileReference; fileEncoding = 4; lastKnownFileType = text.plist.xml; name = "StaterFinder-Info.plist"; path = "StaterFinder/StaterFinder-Info.plist"; sourceTree = SOURCE_ROOT; };
		BF700DD4193146280066DDED /* StaterFinder-Prefix.pch */ = {isa = PBXFileReference; fileEncoding = 4; lastKnownFileType = sourcecode.c.h; name = "StaterFinder-Prefix.pch"; path = "StaterFinder/StaterFinder-Prefix.pch"; sourceTree = SOURCE_ROOT; };
/* End PBXFileReference section */

/* Begin PBXFrameworksBuildPhase section */
		28070973171522E800259B3A /* Frameworks */ = {
			isa = PBXFrameworksBuildPhase;
			buildActionMask = 2147483647;
			files = (
				2807097A171522E800259B3A /* UIKit.framework in Frameworks */,
				2807097C171522E800259B3A /* Foundation.framework in Frameworks */,
				2807097E171522E800259B3A /* CoreGraphics.framework in Frameworks */,
			);
			runOnlyForDeploymentPostprocessing = 0;
		};
/* End PBXFrameworksBuildPhase section */

/* Begin PBXGroup section */
		2807096D171522E800259B3A = {
			isa = PBXGroup;
			children = (
				2870CD0B17152842002C9048 /* ReadMe.txt */,
				2807097F171522E800259B3A /* StaterFinder */,
				28070978171522E800259B3A /* Frameworks */,
				28070977171522E800259B3A /* Products */,
			);
			sourceTree = "<group>";
		};
		28070977171522E800259B3A /* Products */ = {
			isa = PBXGroup;
			children = (
				28070976171522E800259B3A /* StaterFinder.app */,
			);
			name = Products;
			sourceTree = "<group>";
		};
		28070978171522E800259B3A /* Frameworks */ = {
			isa = PBXGroup;
			children = (
				28070979171522E800259B3A /* UIKit.framework */,
				2807097B171522E800259B3A /* Foundation.framework */,
				2807097D171522E800259B3A /* CoreGraphics.framework */,
			);
			name = Frameworks;
			sourceTree = "<group>";
		};
		2807097F171522E800259B3A /* StaterFinder */ = {
			isa = PBXGroup;
			children = (
				BF700DAC193144BB0066DDED /* APLAppDelegate.h */,
				BF700DAD193144BB0066DDED /* APLAppDelegate.m */,
				BF700DAE193144BB0066DDED /* APLDetailViewController.h */,
				BF700DAF193144BB0066DDED /* APLDetailViewController.m */,
				BF700DB0193144BB0066DDED /* APLProduct.h */,
				BF700DB1193144BB0066DDED /* APLProduct.m */,
				BF700DB2193144BB0066DDED /* APLViewController.h */,
				BF700DB3193144BB0066DDED /* APLViewController.m */,
				28070980171522E800259B3A /* Supporting Files */,
			);
			name = StaterFinder;
			path = TableSearch;
			sourceTree = "<group>";
		};
		28070980171522E800259B3A /* Supporting Files */ = {
			isa = PBXGroup;
			children = (
				BF700DCA193146280066DDED /* Default-568h@2x.png */,
				BF700DCB193146280066DDED /* Default.png */,
				BF700DCC193146280066DDED /* Default@2x.png */,
				BF700DCD193146280066DDED /* en.lproj */,
				BF700DD2193146280066DDED /* main.m */,
				BF700DD3193146280066DDED /* StaterFinder-Info.plist */,
				BF700DD4193146280066DDED /* StaterFinder-Prefix.pch */,
			);
			name = "Supporting Files";
			sourceTree = "<group>";
		};
		BF700DCD193146280066DDED /* en.lproj */ = {
			isa = PBXGroup;
			children = (
				BF700DCE193146280066DDED /* InfoPlist.strings */,
				BF700DD0193146280066DDED /* MainStoryboard.storyboard */,
			);
			name = en.lproj;
			path = StaterFinder/en.lproj;
			sourceTree = SOURCE_ROOT;
		};
/* End PBXGroup section */

/* Begin PBXNativeTarget section */
		28070975171522E800259B3A /* StaterFinder */ = {
			isa = PBXNativeTarget;
			buildConfigurationList = 28070999171522E800259B3A /* Build configuration list for PBXNativeTarget "StaterFinder" */;
			buildPhases = (
				28070972171522E800259B3A /* Sources */,
				28070973171522E800259B3A /* Frameworks */,
				28070974171522E800259B3A /* Resources */,
			);
			buildRules = (
			);
			dependencies = (
			);
			name = StaterFinder;
			productName = TableSearch;
			productReference = 28070976171522E800259B3A /* StaterFinder.app */;
			productType = "com.apple.product-type.application";
		};
/* End PBXNativeTarget section */

/* Begin PBXProject section */
		2807096E171522E800259B3A /* Project object */ = {
			isa = PBXProject;
			attributes = {
				CLASSPREFIX = APL;
				LastUpgradeCheck = 0460;
				ORGANIZATIONNAME = "Apple Inc.";
			};
			buildConfigurationList = 28070971171522E800259B3A /* Build configuration list for PBXProject "StaterFinder" */;
			compatibilityVersion = "Xcode 3.2";
			developmentRegion = English;
			hasScannedForEncodings = 0;
			knownRegions = (
				en,
			);
			mainGroup = 2807096D171522E800259B3A;
			productRefGroup = 28070977171522E800259B3A /* Products */;
			projectDirPath = "";
			projectRoot = "";
			targets = (
				28070975171522E800259B3A /* StaterFinder */,
			);
		};
/* End PBXProject section */

/* Begin PBXResourcesBuildPhase section */
		28070974171522E800259B3A /* Resources */ = {
			isa = PBXResourcesBuildPhase;
			buildActionMask = 2147483647;
			files = (
				BF700DD8193146280066DDED /* InfoPlist.strings in Resources */,
				BF700DD6193146280066DDED /* Default.png in Resources */,
				BF700DD5193146280066DDED /* Default-568h@2x.png in Resources */,
				BF700DD9193146280066DDED /* MainStoryboard.storyboard in Resources */,
				BF700DDB193146280066DDED /* StaterFinder-Info.plist in Resources */,
				BF700DD7193146280066DDED /* Default@2x.png in Resources */,
			);
			runOnlyForDeploymentPostprocessing = 0;
		};
/* End PBXResourcesBuildPhase section */

/* Begin PBXSourcesBuildPhase section */
		28070972171522E800259B3A /* Sources */ = {
			isa = PBXSourcesBuildPhase;
			buildActionMask = 2147483647;
			files = (
				BF700DC0193144BB0066DDED /* APLDetailViewController.m in Sources */,
				BF700DC1193144BB0066DDED /* APLProduct.m in Sources */,
				BF700DBF193144BB0066DDED /* APLAppDelegate.m in Sources */,
				BF700DDA193146280066DDED /* main.m in Sources */,
				BF700DC2193144BB0066DDED /* APLViewController.m in Sources */,
			);
			runOnlyForDeploymentPostprocessing = 0;
		};
/* End PBXSourcesBuildPhase section */

/* Begin PBXVariantGroup section */
		BF700DCE193146280066DDED /* InfoPlist.strings */ = {
			isa = PBXVariantGroup;
			children = (
				BF700DCF193146280066DDED /* en */,
			);
			name = InfoPlist.strings;
			sourceTree = "<group>";
		};
		BF700DD0193146280066DDED /* MainStoryboard.storyboard */ = {
			isa = PBXVariantGroup;
			children = (
				BF700DD1193146280066DDED /* en */,
			);
			name = MainStoryboard.storyboard;
			sourceTree = "<group>";
		};
/* End PBXVariantGroup section */

/* Begin XCBuildConfiguration section */
		28070997171522E800259B3A /* Debug */ = {
			isa = XCBuildConfiguration;
			buildSettings = {
				ALWAYS_SEARCH_USER_PATHS = NO;
				CLANG_CXX_LANGUAGE_STANDARD = "gnu++0x";
				CLANG_CXX_LIBRARY = "libc++";
				CLANG_ENABLE_OBJC_ARC = YES;
				CLANG_WARN_CONSTANT_CONVERSION = YES;
				CLANG_WARN_EMPTY_BODY = YES;
				CLANG_WARN_ENUM_CONVERSION = YES;
				CLANG_WARN_INT_CONVERSION = YES;
				CLANG_WARN__DUPLICATE_METHOD_MATCH = YES;
				COPY_PHASE_STRIP = NO;
				GCC_C_LANGUAGE_STANDARD = gnu99;
				GCC_DYNAMIC_NO_PIC = NO;
				GCC_OPTIMIZATION_LEVEL = 0;
				GCC_PREPROCESSOR_DEFINITIONS = (
					"DEBUG=1",
					"$(inherited)",
				);
				GCC_SYMBOLS_PRIVATE_EXTERN = NO;
				GCC_WARN_ABOUT_RETURN_TYPE = YES;
				GCC_WARN_UNINITIALIZED_AUTOS = YES;
				GCC_WARN_UNUSED_VARIABLE = YES;
				IPHONEOS_DEPLOYMENT_TARGET = 6.0;
				ONLY_ACTIVE_ARCH = YES;
				SDKROOT = iphoneos;
			};
			name = Debug;
		};
		28070998171522E800259B3A /* Release */ = {
			isa = XCBuildConfiguration;
			buildSettings = {
				ALWAYS_SEARCH_USER_PATHS = NO;
				CLANG_CXX_LANGUAGE_STANDARD = "gnu++0x";
				CLANG_CXX_LIBRARY = "libc++";
				CLANG_ENABLE_OBJC_ARC = YES;
				CLANG_WARN_CONSTANT_CONVERSION = YES;
				CLANG_WARN_EMPTY_BODY = YES;
				CLANG_WARN_ENUM_CONVERSION = YES;
				CLANG_WARN_INT_CONVERSION = YES;
				CLANG_WARN__DUPLICATE_METHOD_MATCH = YES;
				COPY_PHASE_STRIP = YES;
				GCC_C_LANGUAGE_STANDARD = gnu99;
				GCC_WARN_ABOUT_RETURN_TYPE = YES;
				GCC_WARN_UNINITIALIZED_AUTOS = YES;
				GCC_WARN_UNUSED_VARIABLE = YES;
				IPHONEOS_DEPLOYMENT_TARGET = 6.0;
				OTHER_CFLAGS = "-DNS_BLOCK_ASSERTIONS=1";
				SDKROOT = iphoneos;
				VALIDATE_PRODUCT = YES;
			};
			name = Release;
		};
		2807099A171522E800259B3A /* Debug */ = {
			isa = XCBuildConfiguration;
			buildSettings = {
				GCC_PRECOMPILE_PREFIX_HEADER = YES;
				GCC_PREFIX_HEADER = "StaterFinder/StaterFinder-Prefix.pch";
				INFOPLIST_FILE = "StaterFinder/StaterFinder-Info.plist";
				PRODUCT_NAME = StaterFinder;
				WRAPPER_EXTENSION = app;
			};
			name = Debug;
		};
		2807099B171522E800259B3A /* Release */ = {
			isa = XCBuildConfiguration;
			buildSettings = {
				GCC_PRECOMPILE_PREFIX_HEADER = YES;
				GCC_PREFIX_HEADER = "StaterFinder/StaterFinder-Prefix.pch";
				INFOPLIST_FILE = "StaterFinder/StaterFinder-Info.plist";
				PRODUCT_NAME = StaterFinder;
				WRAPPER_EXTENSION = app;
			};
			name = Release;
		};
/* End XCBuildConfiguration section */

/* Begin XCConfigurationList section */
		28070971171522E800259B3A /* Build configuration list for PBXProject "StaterFinder" */ = {
			isa = XCConfigurationList;
			buildConfigurations = (
				28070997171522E800259B3A /* Debug */,
				28070998171522E800259B3A /* Release */,
			);
			defaultConfigurationIsVisible = 0;
			defaultConfigurationName = Release;
		};
		28070999171522E800259B3A /* Build configuration list for PBXNativeTarget "StaterFinder" */ = {
			isa = XCConfigurationList;
			buildConfigurations = (
				2807099A171522E800259B3A /* Debug */,
				2807099B171522E800259B3A /* Release */,
			);
			defaultConfigurationIsVisible = 0;
			defaultConfigurationName = Release;
		};
/* End XCConfigurationList section */
	};
	rootObject = 2807096E171522E800259B3A /* Project object */;
}
